// !$*UTF8*$!
{
	archiveVersion = 1;
	classes = {
	};
	objectVersion = 46;
	objects = {

/* Begin PBXBuildFile section */
		28740F8C1CAB7F420008BB51 /* main.m in Sources */ = {isa = PBXBuildFile; fileRef = 28740F8B1CAB7F420008BB51 /* main.m */; };
		28740F8F1CAB7F420008BB51 /* AppDelegate.m in Sources */ = {isa = PBXBuildFile; fileRef = 28740F8E1CAB7F420008BB51 /* AppDelegate.m */; };
		28740F951CAB7F420008BB51 /* Main.storyboard in Resources */ = {isa = PBXBuildFile; fileRef = 28740F931CAB7F420008BB51 /* Main.storyboard */; };
		28740F971CAB7F420008BB51 /* Assets.xcassets in Resources */ = {isa = PBXBuildFile; fileRef = 28740F961CAB7F420008BB51 /* Assets.xcassets */; };
		28740F9A1CAB7F420008BB51 /* LaunchScreen.storyboard in Resources */ = {isa = PBXBuildFile; fileRef = 28740F981CAB7F420008BB51 /* LaunchScreen.storyboard */; };
		28740FA51CAB7F430008BB51 /* GYPhotoBrowserExampleTests.m in Sources */ = {isa = PBXBuildFile; fileRef = 28740FA41CAB7F430008BB51 /* GYPhotoBrowserExampleTests.m */; };
		28740FB01CAB7F430008BB51 /* GYPhotoBrowserExampleUITests.m in Sources */ = {isa = PBXBuildFile; fileRef = 28740FAF1CAB7F430008BB51 /* GYPhotoBrowserExampleUITests.m */; };
		28740FE81CAB7F570008BB51 /* GYPhotoBrowserView.m in Sources */ = {isa = PBXBuildFile; fileRef = 28740FBF1CAB7F570008BB51 /* GYPhotoBrowserView.m */; };
		28740FE91CAB7F570008BB51 /* GYPhotoCell.m in Sources */ = {isa = PBXBuildFile; fileRef = 28740FC11CAB7F570008BB51 /* GYPhotoCell.m */; };
		28740FEA1CAB7F570008BB51 /* GYPhotoModel.m in Sources */ = {isa = PBXBuildFile; fileRef = 28740FC31CAB7F570008BB51 /* GYPhotoModel.m */; };
		28740FEB1CAB7F570008BB51 /* GYPhotoProgressView.m in Sources */ = {isa = PBXBuildFile; fileRef = 28740FC51CAB7F570008BB51 /* GYPhotoProgressView.m */; };
		28740FEC1CAB7F570008BB51 /* MKAnnotationView+WebCache.m in Sources */ = {isa = PBXBuildFile; fileRef = 28740FC81CAB7F570008BB51 /* MKAnnotationView+WebCache.m */; };
		28740FED1CAB7F570008BB51 /* NSData+ImageContentType.m in Sources */ = {isa = PBXBuildFile; fileRef = 28740FCA1CAB7F570008BB51 /* NSData+ImageContentType.m */; };
		28740FEE1CAB7F570008BB51 /* SDImageCache.m in Sources */ = {isa = PBXBuildFile; fileRef = 28740FCC1CAB7F570008BB51 /* SDImageCache.m */; };
		28740FEF1CAB7F570008BB51 /* SDWebImageCompat.m in Sources */ = {isa = PBXBuildFile; fileRef = 28740FCE1CAB7F570008BB51 /* SDWebImageCompat.m */; };
		28740FF01CAB7F570008BB51 /* SDWebImageDecoder.m in Sources */ = {isa = PBXBuildFile; fileRef = 28740FD01CAB7F570008BB51 /* SDWebImageDecoder.m */; };
		28740FF11CAB7F570008BB51 /* SDWebImageDownloader.m in Sources */ = {isa = PBXBuildFile; fileRef = 28740FD21CAB7F570008BB51 /* SDWebImageDownloader.m */; };
		28740FF21CAB7F570008BB51 /* SDWebImageDownloaderOperation.m in Sources */ = {isa = PBXBuildFile; fileRef = 28740FD41CAB7F570008BB51 /* SDWebImageDownloaderOperation.m */; };
		28740FF31CAB7F570008BB51 /* SDWebImageManager.m in Sources */ = {isa = PBXBuildFile; fileRef = 28740FD61CAB7F570008BB51 /* SDWebImageManager.m */; };
		28740FF41CAB7F570008BB51 /* SDWebImagePrefetcher.m in Sources */ = {isa = PBXBuildFile; fileRef = 28740FD91CAB7F570008BB51 /* SDWebImagePrefetcher.m */; };
		28740FF51CAB7F570008BB51 /* UIButton+WebCache.m in Sources */ = {isa = PBXBuildFile; fileRef = 28740FDB1CAB7F570008BB51 /* UIButton+WebCache.m */; };
		28740FF61CAB7F570008BB51 /* UIImage+GIF.m in Sources */ = {isa = PBXBuildFile; fileRef = 28740FDD1CAB7F570008BB51 /* UIImage+GIF.m */; };
		28740FF71CAB7F570008BB51 /* UIImage+MultiFormat.m in Sources */ = {isa = PBXBuildFile; fileRef = 28740FDF1CAB7F570008BB51 /* UIImage+MultiFormat.m */; };
		28740FF81CAB7F570008BB51 /* UIImage+WebP.m in Sources */ = {isa = PBXBuildFile; fileRef = 28740FE11CAB7F570008BB51 /* UIImage+WebP.m */; };
		28740FF91CAB7F570008BB51 /* UIImageView+HighlightedWebCache.m in Sources */ = {isa = PBXBuildFile; fileRef = 28740FE31CAB7F570008BB51 /* UIImageView+HighlightedWebCache.m */; };
		28740FFA1CAB7F570008BB51 /* UIImageView+WebCache.m in Sources */ = {isa = PBXBuildFile; fileRef = 28740FE51CAB7F570008BB51 /* UIImageView+WebCache.m */; };
		28740FFB1CAB7F570008BB51 /* UIView+WebCacheOperation.m in Sources */ = {isa = PBXBuildFile; fileRef = 28740FE71CAB7F570008BB51 /* UIView+WebCacheOperation.m */; };
		28740FFF1CAB80340008BB51 /* ExampleController.m in Sources */ = {isa = PBXBuildFile; fileRef = 28740FFE1CAB80340008BB51 /* ExampleController.m */; };
/* End PBXBuildFile section */

/* Begin PBXContainerItemProxy section */
		28740FA11CAB7F430008BB51 /* PBXContainerItemProxy */ = {
			isa = PBXContainerItemProxy;
			containerPortal = 28740F7F1CAB7F420008BB51 /* Project object */;
			proxyType = 1;
			remoteGlobalIDString = 28740F861CAB7F420008BB51;
			remoteInfo = GYPhotoBrowserExample;
		};
		28740FAC1CAB7F430008BB51 /* PBXContainerItemProxy */ = {
			isa = PBXContainerItemProxy;
			containerPortal = 28740F7F1CAB7F420008BB51 /* Project object */;
			proxyType = 1;
			remoteGlobalIDString = 28740F861CAB7F420008BB51;
			remoteInfo = GYPhotoBrowserExample;
		};
/* End PBXContainerItemProxy section */

/* Begin PBXFileReference section */
		28740F871CAB7F420008BB51 /* GYPhotoBrowserExample.app */ = {isa = PBXFileReference; explicitFileType = wrapper.application; includeInIndex = 0; path = GYPhotoBrowserExample.app; sourceTree = BUILT_PRODUCTS_DIR; };
		28740F8B1CAB7F420008BB51 /* main.m */ = {isa = PBXFileReference; lastKnownFileType = sourcecode.c.objc; path = main.m; sourceTree = "<group>"; };
		28740F8D1CAB7F420008BB51 /* AppDelegate.h */ = {isa = PBXFileReference; lastKnownFileType = sourcecode.c.h; path = AppDelegate.h; sourceTree = "<group>"; };
		28740F8E1CAB7F420008BB51 /* AppDelegate.m */ = {isa = PBXFileReference; lastKnownFileType = sourcecode.c.objc; path = AppDelegate.m; sourceTree = "<group>"; };
		28740F941CAB7F420008BB51 /* Base */ = {isa = PBXFileReference; lastKnownFileType = file.storyboard; name = Base; path = Base.lproj/Main.storyboard; sourceTree = "<group>"; };
		28740F961CAB7F420008BB51 /* Assets.xcassets */ = {isa = PBXFileReference; lastKnownFileType = folder.assetcatalog; path = Assets.xcassets; sourceTree = "<group>"; };
		28740F991CAB7F420008BB51 /* Base */ = {isa = PBXFileReference; lastKnownFileType = file.storyboard; name = Base; path = Base.lproj/LaunchScreen.storyboard; sourceTree = "<group>"; };
		28740F9B1CAB7F420008BB51 /* Info.plist */ = {isa = PBXFileReference; lastKnownFileType = text.plist.xml; path = Info.plist; sourceTree = "<group>"; };
		28740FA01CAB7F430008BB51 /* GYPhotoBrowserExampleTests.xctest */ = {isa = PBXFileReference; explicitFileType = wrapper.cfbundle; includeInIndex = 0; path = GYPhotoBrowserExampleTests.xctest; sourceTree = BUILT_PRODUCTS_DIR; };
		28740FA41CAB7F430008BB51 /* GYPhotoBrowserExampleTests.m */ = {isa = PBXFileReference; lastKnownFileType = sourcecode.c.objc; path = GYPhotoBrowserExampleTests.m; sourceTree = "<group>"; };
		28740FA61CAB7F430008BB51 /* Info.plist */ = {isa = PBXFileReference; lastKnownFileType = text.plist.xml; path = Info.plist; sourceTree = "<group>"; };
		28740FAB1CAB7F430008BB51 /* GYPhotoBrowserExampleUITests.xctest */ = {isa = PBXFileReference; explicitFileType = wrapper.cfbundle; includeInIndex = 0; path = GYPhotoBrowserExampleUITests.xctest; sourceTree = BUILT_PRODUCTS_DIR; };
		28740FAF1CAB7F430008BB51 /* GYPhotoBrowserExampleUITests.m */ = {isa = PBXFileReference; lastKnownFileType = sourcecode.c.objc; path = GYPhotoBrowserExampleUITests.m; sourceTree = "<group>"; };
		28740FB11CAB7F430008BB51 /* Info.plist */ = {isa = PBXFileReference; lastKnownFileType = text.plist.xml; path = Info.plist; sourceTree = "<group>"; };
		28740FBE1CAB7F570008BB51 /* GYPhotoBrowserView.h */ = {isa = PBXFileReference; fileEncoding = 4; lastKnownFileType = sourcecode.c.h; path = GYPhotoBrowserView.h; sourceTree = "<group>"; };
		28740FBF1CAB7F570008BB51 /* GYPhotoBrowserView.m */ = {isa = PBXFileReference; fileEncoding = 4; lastKnownFileType = sourcecode.c.objc; path = GYPhotoBrowserView.m; sourceTree = "<group>"; };
		28740FC01CAB7F570008BB51 /* GYPhotoCell.h */ = {isa = PBXFileReference; fileEncoding = 4; lastKnownFileType = sourcecode.c.h; path = GYPhotoCell.h; sourceTree = "<group>"; };
		28740FC11CAB7F570008BB51 /* GYPhotoCell.m */ = {isa = PBXFileReference; fileEncoding = 4; lastKnownFileType = sourcecode.c.objc; path = GYPhotoCell.m; sourceTree = "<group>"; };
		28740FC21CAB7F570008BB51 /* GYPhotoModel.h */ = {isa = PBXFileReference; fileEncoding = 4; lastKnownFileType = sourcecode.c.h; path = GYPhotoModel.h; sourceTree = "<group>"; };
		28740FC31CAB7F570008BB51 /* GYPhotoModel.m */ = {isa = PBXFileReference; fileEncoding = 4; lastKnownFileType = sourcecode.c.objc; path = GYPhotoModel.m; sourceTree = "<group>"; };
		28740FC41CAB7F570008BB51 /* GYPhotoProgressView.h */ = {isa = PBXFileReference; fileEncoding = 4; lastKnownFileType = sourcecode.c.h; path = GYPhotoProgressView.h; sourceTree = "<group>"; };
		28740FC51CAB7F570008BB51 /* GYPhotoProgressView.m */ = {isa = PBXFileReference; fileEncoding = 4; lastKnownFileType = sourcecode.c.objc; path = GYPhotoProgressView.m; sourceTree = "<group>"; };
		28740FC71CAB7F570008BB51 /* MKAnnotationView+WebCache.h */ = {isa = PBXFileReference; fileEncoding = 4; lastKnownFileType = sourcecode.c.h; path = "MKAnnotationView+WebCache.h"; sourceTree = "<group>"; };
		28740FC81CAB7F570008BB51 /* MKAnnotationView+WebCache.m */ = {isa = PBXFileReference; fileEncoding = 4; lastKnownFileType = sourcecode.c.objc; path = "MKAnnotationView+WebCache.m"; sourceTree = "<group>"; };
		28740FC91CAB7F570008BB51 /* NSData+ImageContentType.h */ = {isa = PBXFileReference; fileEncoding = 4; lastKnownFileType = sourcecode.c.h; path = "NSData+ImageContentType.h"; sourceTree = "<group>"; };
		28740FCA1CAB7F570008BB51 /* NSData+ImageContentType.m */ = {isa = PBXFileReference; fileEncoding = 4; lastKnownFileType = sourcecode.c.objc; path = "NSData+ImageContentType.m"; sourceTree = "<group>"; };
		28740FCB1CAB7F570008BB51 /* SDImageCache.h */ = {isa = PBXFileReference; fileEncoding = 4; lastKnownFileType = sourcecode.c.h; path = SDImageCache.h; sourceTree = "<group>"; };
		28740FCC1CAB7F570008BB51 /* SDImageCache.m */ = {isa = PBXFileReference; fileEncoding = 4; lastKnownFileType = sourcecode.c.objc; path = SDImageCache.m; sourceTree = "<group>"; };
		28740FCD1CAB7F570008BB51 /* SDWebImageCompat.h */ = {isa = PBXFileReference; fileEncoding = 4; lastKnownFileType = sourcecode.c.h; path = SDWebImageCompat.h; sourceTree = "<group>"; };
		28740FCE1CAB7F570008BB51 /* SDWebImageCompat.m */ = {isa = PBXFileReference; fileEncoding = 4; lastKnownFileType = sourcecode.c.objc; path = SDWebImageCompat.m; sourceTree = "<group>"; };
		28740FCF1CAB7F570008BB51 /* SDWebImageDecoder.h */ = {isa = PBXFileReference; fileEncoding = 4; lastKnownFileType = sourcecode.c.h; path = SDWebImageDecoder.h; sourceTree = "<group>"; };
		28740FD01CAB7F570008BB51 /* SDWebImageDecoder.m */ = {isa = PBXFileReference; fileEncoding = 4; lastKnownFileType = sourcecode.c.objc; path = SDWebImageDecoder.m; sourceTree = "<group>"; };
		28740FD11CAB7F570008BB51 /* SDWebImageDownloader.h */ = {isa = PBXFileReference; fileEncoding = 4; lastKnownFileType = sourcecode.c.h; path = SDWebImageDownloader.h; sourceTree = "<group>"; };
		28740FD21CAB7F570008BB51 /* SDWebImageDownloader.m */ = {isa = PBXFileReference; fileEncoding = 4; lastKnownFileType = sourcecode.c.objc; path = SDWebImageDownloader.m; sourceTree = "<group>"; };
		28740FD31CAB7F570008BB51 /* SDWebImageDownloaderOperation.h */ = {isa = PBXFileReference; fileEncoding = 4; lastKnownFileType = sourcecode.c.h; path = SDWebImageDownloaderOperation.h; sourceTree = "<group>"; };
		28740FD41CAB7F570008BB51 /* SDWebImageDownloaderOperation.m */ = {isa = PBXFileReference; fileEncoding = 4; lastKnownFileType = sourcecode.c.objc; path = SDWebImageDownloaderOperation.m; sourceTree = "<group>"; };
		28740FD51CAB7F570008BB51 /* SDWebImageManager.h */ = {isa = PBXFileReference; fileEncoding = 4; lastKnownFileType = sourcecode.c.h; path = SDWebImageManager.h; sourceTree = "<group>"; };
		28740FD61CAB7F570008BB51 /* SDWebImageManager.m */ = {isa = PBXFileReference; fileEncoding = 4; lastKnownFileType = sourcecode.c.objc; path = SDWebImageManager.m; sourceTree = "<group>"; };
		28740FD71CAB7F570008BB51 /* SDWebImageOperation.h */ = {isa = PBXFileReference; fileEncoding = 4; lastKnownFileType = sourcecode.c.h; path = SDWebImageOperation.h; sourceTree = "<group>"; };
		28740FD81CAB7F570008BB51 /* SDWebImagePrefetcher.h */ = {isa = PBXFileReference; fileEncoding = 4; lastKnownFileType = sourcecode.c.h; path = SDWebImagePrefetcher.h; sourceTree = "<group>"; };
		28740FD91CAB7F570008BB51 /* SDWebImagePrefetcher.m */ = {isa = PBXFileReference; fileEncoding = 4; lastKnownFileType = sourcecode.c.objc; path = SDWebImagePrefetcher.m; sourceTree = "<group>"; };
		28740FDA1CAB7F570008BB51 /* UIButton+WebCache.h */ = {isa = PBXFileReference; fileEncoding = 4; lastKnownFileType = sourcecode.c.h; path = "UIButton+WebCache.h"; sourceTree = "<group>"; };
		28740FDB1CAB7F570008BB51 /* UIButton+WebCache.m */ = {isa = PBXFileReference; fileEncoding = 4; lastKnownFileType = sourcecode.c.objc; path = "UIButton+WebCache.m"; sourceTree = "<group>"; };
		28740FDC1CAB7F570008BB51 /* UIImage+GIF.h */ = {isa = PBXFileReference; fileEncoding = 4; lastKnownFileType = sourcecode.c.h; path = "UIImage+GIF.h"; sourceTree = "<group>"; };
		28740FDD1CAB7F570008BB51 /* UIImage+GIF.m */ = {isa = PBXFileReference; fileEncoding = 4; lastKnownFileType = sourcecode.c.objc; path = "UIImage+GIF.m"; sourceTree = "<group>"; };
		28740FDE1CAB7F570008BB51 /* UIImage+MultiFormat.h */ = {isa = PBXFileReference; fileEncoding = 4; lastKnownFileType = sourcecode.c.h; path = "UIImage+MultiFormat.h"; sourceTree = "<group>"; };
		28740FDF1CAB7F570008BB51 /* UIImage+MultiFormat.m */ = {isa = PBXFileReference; fileEncoding = 4; lastKnownFileType = sourcecode.c.objc; path = "UIImage+MultiFormat.m"; sourceTree = "<group>"; };
		28740FE01CAB7F570008BB51 /* UIImage+WebP.h */ = {isa = PBXFileReference; fileEncoding = 4; lastKnownFileType = sourcecode.c.h; path = "UIImage+WebP.h"; sourceTree = "<group>"; };
		28740FE11CAB7F570008BB51 /* UIImage+WebP.m */ = {isa = PBXFileReference; fileEncoding = 4; lastKnownFileType = sourcecode.c.objc; path = "UIImage+WebP.m"; sourceTree = "<group>"; };
		28740FE21CAB7F570008BB51 /* UIImageView+HighlightedWebCache.h */ = {isa = PBXFileReference; fileEncoding = 4; lastKnownFileType = sourcecode.c.h; path = "UIImageView+HighlightedWebCache.h"; sourceTree = "<group>"; };
		28740FE31CAB7F570008BB51 /* UIImageView+HighlightedWebCache.m */ = {isa = PBXFileReference; fileEncoding = 4; lastKnownFileType = sourcecode.c.objc; path = "UIImageView+HighlightedWebCache.m"; sourceTree = "<group>"; };
		28740FE41CAB7F570008BB51 /* UIImageView+WebCache.h */ = {isa = PBXFileReference; fileEncoding = 4; lastKnownFileType = sourcecode.c.h; path = "UIImageView+WebCache.h"; sourceTree = "<group>"; };
		28740FE51CAB7F570008BB51 /* UIImageView+WebCache.m */ = {isa = PBXFileReference; fileEncoding = 4; lastKnownFileType = sourcecode.c.objc; path = "UIImageView+WebCache.m"; sourceTree = "<group>"; };
		28740FE61CAB7F570008BB51 /* UIView+WebCacheOperation.h */ = {isa = PBXFileReference; fileEncoding = 4; lastKnownFileType = sourcecode.c.h; path = "UIView+WebCacheOperation.h"; sourceTree = "<group>"; };
		28740FE71CAB7F570008BB51 /* UIView+WebCacheOperation.m */ = {isa = PBXFileReference; fileEncoding = 4; lastKnownFileType = sourcecode.c.objc; path = "UIView+WebCacheOperation.m"; sourceTree = "<group>"; };
		28740FFD1CAB80340008BB51 /* ExampleController.h */ = {isa = PBXFileReference; fileEncoding = 4; lastKnownFileType = sourcecode.c.h; path = ExampleController.h; sourceTree = "<group>"; };
		28740FFE1CAB80340008BB51 /* ExampleController.m */ = {isa = PBXFileReference; fileEncoding = 4; lastKnownFileType = sourcecode.c.objc; path = ExampleController.m; sourceTree = "<group>"; };
/* End PBXFileReference section */

/* Begin PBXFrameworksBuildPhase section */
		28740F841CAB7F420008BB51 /* Frameworks */ = {
			isa = PBXFrameworksBuildPhase;
			buildActionMask = 2147483647;
			files = (
			);
			runOnlyForDeploymentPostprocessing = 0;
		};
		28740F9D1CAB7F430008BB51 /* Frameworks */ = {
			isa = PBXFrameworksBuildPhase;
			buildActionMask = 2147483647;
			files = (
			);
			runOnlyForDeploymentPostprocessing = 0;
		};
		28740FA81CAB7F430008BB51 /* Frameworks */ = {
			isa = PBXFrameworksBuildPhase;
			buildActionMask = 2147483647;
			files = (
			);
			runOnlyForDeploymentPostprocessing = 0;
		};
/* End PBXFrameworksBuildPhase section */

/* Begin PBXGroup section */
		28740F7E1CAB7F420008BB51 = {
			isa = PBXGroup;
			children = (
				28740F891CAB7F420008BB51 /* GYPhotoBrowserExample */,
				28740FA31CAB7F430008BB51 /* GYPhotoBrowserExampleTests */,
				28740FAE1CAB7F430008BB51 /* GYPhotoBrowserExampleUITests */,
				28740F881CAB7F420008BB51 /* Products */,
			);
			sourceTree = "<group>";
		};
		28740F881CAB7F420008BB51 /* Products */ = {
			isa = PBXGroup;
			children = (
				28740F871CAB7F420008BB51 /* GYPhotoBrowserExample.app */,
				28740FA01CAB7F430008BB51 /* GYPhotoBrowserExampleTests.xctest */,
				28740FAB1CAB7F430008BB51 /* GYPhotoBrowserExampleUITests.xctest */,
			);
			name = Products;
			sourceTree = "<group>";
		};
		28740F891CAB7F420008BB51 /* GYPhotoBrowserExample */ = {
			isa = PBXGroup;
			children = (
				28740FBD1CAB7F570008BB51 /* GYPhotoBrowser */,
				28740FFC1CAB7F6B0008BB51 /* Classes */,
				28740F8D1CAB7F420008BB51 /* AppDelegate.h */,
				28740F8E1CAB7F420008BB51 /* AppDelegate.m */,
				28740F931CAB7F420008BB51 /* Main.storyboard */,
				28740F961CAB7F420008BB51 /* Assets.xcassets */,
				28740F981CAB7F420008BB51 /* LaunchScreen.storyboard */,
				28740F9B1CAB7F420008BB51 /* Info.plist */,
				28740F8A1CAB7F420008BB51 /* Supporting Files */,
			);
			path = GYPhotoBrowserExample;
			sourceTree = "<group>";
		};
		28740F8A1CAB7F420008BB51 /* Supporting Files */ = {
			isa = PBXGroup;
			children = (
				28740F8B1CAB7F420008BB51 /* main.m */,
			);
			name = "Supporting Files";
			sourceTree = "<group>";
		};
		28740FA31CAB7F430008BB51 /* GYPhotoBrowserExampleTests */ = {
			isa = PBXGroup;
			children = (
				28740FA41CAB7F430008BB51 /* GYPhotoBrowserExampleTests.m */,
				28740FA61CAB7F430008BB51 /* Info.plist */,
			);
			path = GYPhotoBrowserExampleTests;
			sourceTree = "<group>";
		};
		28740FAE1CAB7F430008BB51 /* GYPhotoBrowserExampleUITests */ = {
			isa = PBXGroup;
			children = (
				28740FAF1CAB7F430008BB51 /* GYPhotoBrowserExampleUITests.m */,
				28740FB11CAB7F430008BB51 /* Info.plist */,
			);
			path = GYPhotoBrowserExampleUITests;
			sourceTree = "<group>";
		};
		28740FBD1CAB7F570008BB51 /* GYPhotoBrowser */ = {
			isa = PBXGroup;
			children = (
				28740FBE1CAB7F570008BB51 /* GYPhotoBrowserView.h */,
				28740FBF1CAB7F570008BB51 /* GYPhotoBrowserView.m */,
				28740FC01CAB7F570008BB51 /* GYPhotoCell.h */,
				28740FC11CAB7F570008BB51 /* GYPhotoCell.m */,
				28740FC21CAB7F570008BB51 /* GYPhotoModel.h */,
				28740FC31CAB7F570008BB51 /* GYPhotoModel.m */,
				28740FC41CAB7F570008BB51 /* GYPhotoProgressView.h */,
				28740FC51CAB7F570008BB51 /* GYPhotoProgressView.m */,
				28740FC61CAB7F570008BB51 /* SDWebImage */,
			);
			name = GYPhotoBrowser;
			path = ../../GYPhotoBrowser;
			sourceTree = "<group>";
		};
		28740FC61CAB7F570008BB51 /* SDWebImage */ = {
			isa = PBXGroup;
			children = (
				28740FC71CAB7F570008BB51 /* MKAnnotationView+WebCache.h */,
				28740FC81CAB7F570008BB51 /* MKAnnotationView+WebCache.m */,
				28740FC91CAB7F570008BB51 /* NSData+ImageContentType.h */,
				28740FCA1CAB7F570008BB51 /* NSData+ImageContentType.m */,
				28740FCB1CAB7F570008BB51 /* SDImageCache.h */,
				28740FCC1CAB7F570008BB51 /* SDImageCache.m */,
				28740FCD1CAB7F570008BB51 /* SDWebImageCompat.h */,
				28740FCE1CAB7F570008BB51 /* SDWebImageCompat.m */,
				28740FCF1CAB7F570008BB51 /* SDWebImageDecoder.h */,
				28740FD01CAB7F570008BB51 /* SDWebImageDecoder.m */,
				28740FD11CAB7F570008BB51 /* SDWebImageDownloader.h */,
				28740FD21CAB7F570008BB51 /* SDWebImageDownloader.m */,
				28740FD31CAB7F570008BB51 /* SDWebImageDownloaderOperation.h */,
				28740FD41CAB7F570008BB51 /* SDWebImageDownloaderOperation.m */,
				28740FD51CAB7F570008BB51 /* SDWebImageManager.h */,
				28740FD61CAB7F570008BB51 /* SDWebImageManager.m */,
				28740FD71CAB7F570008BB51 /* SDWebImageOperation.h */,
				28740FD81CAB7F570008BB51 /* SDWebImagePrefetcher.h */,
				28740FD91CAB7F570008BB51 /* SDWebImagePrefetcher.m */,
				28740FDA1CAB7F570008BB51 /* UIButton+WebCache.h */,
				28740FDB1CAB7F570008BB51 /* UIButton+WebCache.m */,
				28740FDC1CAB7F570008BB51 /* UIImage+GIF.h */,
				28740FDD1CAB7F570008BB51 /* UIImage+GIF.m */,
				28740FDE1CAB7F570008BB51 /* UIImage+MultiFormat.h */,
				28740FDF1CAB7F570008BB51 /* UIImage+MultiFormat.m */,
				28740FE01CAB7F570008BB51 /* UIImage+WebP.h */,
				28740FE11CAB7F570008BB51 /* UIImage+WebP.m */,
				28740FE21CAB7F570008BB51 /* UIImageView+HighlightedWebCache.h */,
				28740FE31CAB7F570008BB51 /* UIImageView+HighlightedWebCache.m */,
				28740FE41CAB7F570008BB51 /* UIImageView+WebCache.h */,
				28740FE51CAB7F570008BB51 /* UIImageView+WebCache.m */,
				28740FE61CAB7F570008BB51 /* UIView+WebCacheOperation.h */,
				28740FE71CAB7F570008BB51 /* UIView+WebCacheOperation.m */,
			);
			path = SDWebImage;
			sourceTree = "<group>";
		};
		28740FFC1CAB7F6B0008BB51 /* Classes */ = {
			isa = PBXGroup;
			children = (
				28740FFD1CAB80340008BB51 /* ExampleController.h */,
				28740FFE1CAB80340008BB51 /* ExampleController.m */,
			);
			path = Classes;
			sourceTree = "<group>";
		};
/* End PBXGroup section */

/* Begin PBXNativeTarget section */
		28740F861CAB7F420008BB51 /* GYPhotoBrowserExample */ = {
			isa = PBXNativeTarget;
			buildConfigurationList = 28740FB41CAB7F430008BB51 /* Build configuration list for PBXNativeTarget "GYPhotoBrowserExample" */;
			buildPhases = (
				28740F831CAB7F420008BB51 /* Sources */,
				28740F841CAB7F420008BB51 /* Frameworks */,
				28740F851CAB7F420008BB51 /* Resources */,
			);
			buildRules = (
			);
			dependencies = (
			);
			name = GYPhotoBrowserExample;
			productName = GYPhotoBrowserExample;
			productReference = 28740F871CAB7F420008BB51 /* GYPhotoBrowserExample.app */;
			productType = "com.apple.product-type.application";
		};
		28740F9F1CAB7F430008BB51 /* GYPhotoBrowserExampleTests */ = {
			isa = PBXNativeTarget;
			buildConfigurationList = 28740FB71CAB7F430008BB51 /* Build configuration list for PBXNativeTarget "GYPhotoBrowserExampleTests" */;
			buildPhases = (
				28740F9C1CAB7F430008BB51 /* Sources */,
				28740F9D1CAB7F430008BB51 /* Frameworks */,
				28740F9E1CAB7F430008BB51 /* Resources */,
			);
			buildRules = (
			);
			dependencies = (
				28740FA21CAB7F430008BB51 /* PBXTargetDependency */,
			);
			name = GYPhotoBrowserExampleTests;
			productName = GYPhotoBrowserExampleTests;
			productReference = 28740FA01CAB7F430008BB51 /* GYPhotoBrowserExampleTests.xctest */;
			productType = "com.apple.product-type.bundle.unit-test";
		};
		28740FAA1CAB7F430008BB51 /* GYPhotoBrowserExampleUITests */ = {
			isa = PBXNativeTarget;
			buildConfigurationList = 28740FBA1CAB7F430008BB51 /* Build configuration list for PBXNativeTarget "GYPhotoBrowserExampleUITests" */;
			buildPhases = (
				28740FA71CAB7F430008BB51 /* Sources */,
				28740FA81CAB7F430008BB51 /* Frameworks */,
				28740FA91CAB7F430008BB51 /* Resources */,
			);
			buildRules = (
			);
			dependencies = (
				28740FAD1CAB7F430008BB51 /* PBXTargetDependency */,
			);
			name = GYPhotoBrowserExampleUITests;
			productName = GYPhotoBrowserExampleUITests;
			productReference = 28740FAB1CAB7F430008BB51 /* GYPhotoBrowserExampleUITests.xctest */;
			productType = "com.apple.product-type.bundle.ui-testing";
		};
/* End PBXNativeTarget section */

/* Begin PBXProject section */
		28740F7F1CAB7F420008BB51 /* Project object */ = {
			isa = PBXProject;
			attributes = {
				LastUpgradeCheck = 0710;
				ORGANIZATIONNAME = "高言";
				TargetAttributes = {
					28740F861CAB7F420008BB51 = {
						CreatedOnToolsVersion = 7.1.1;
					};
					28740F9F1CAB7F430008BB51 = {
						CreatedOnToolsVersion = 7.1.1;
						TestTargetID = 28740F861CAB7F420008BB51;
					};
					28740FAA1CAB7F430008BB51 = {
						CreatedOnToolsVersion = 7.1.1;
						TestTargetID = 28740F861CAB7F420008BB51;
					};
				};
			};
			buildConfigurationList = 28740F821CAB7F420008BB51 /* Build configuration list for PBXProject "GYPhotoBrowserExample" */;
			compatibilityVersion = "Xcode 3.2";
			developmentRegion = English;
			hasScannedForEncodings = 0;
			knownRegions = (
				en,
				Base,
			);
			mainGroup = 28740F7E1CAB7F420008BB51;
			productRefGroup = 28740F881CAB7F420008BB51 /* Products */;
			projectDirPath = "";
			projectRoot = "";
			targets = (
				28740F861CAB7F420008BB51 /* GYPhotoBrowserExample */,
				28740F9F1CAB7F430008BB51 /* GYPhotoBrowserExampleTests */,
				28740FAA1CAB7F430008BB51 /* GYPhotoBrowserExampleUITests */,
			);
		};
/* End PBXProject section */

/* Begin PBXResourcesBuildPhase section */
		28740F851CAB7F420008BB51 /* Resources */ = {
			isa = PBXResourcesBuildPhase;
			buildActionMask = 2147483647;
			files = (
				28740F9A1CAB7F420008BB51 /* LaunchScreen.storyboard in Resources */,
				28740F971CAB7F420008BB51 /* Assets.xcassets in Resources */,
				28740F951CAB7F420008BB51 /* Main.storyboard in Resources */,
			);
			runOnlyForDeploymentPostprocessing = 0;
		};
		28740F9E1CAB7F430008BB51 /* Resources */ = {
			isa = PBXResourcesBuildPhase;
			buildActionMask = 2147483647;
			files = (
			);
			runOnlyForDeploymentPostprocessing = 0;
		};
		28740FA91CAB7F430008BB51 /* Resources */ = {
			isa = PBXResourcesBuildPhase;
			buildActionMask = 2147483647;
			files = (
			);
			runOnlyForDeploymentPostprocessing = 0;
		};
/* End PBXResourcesBuildPhase section */

/* Begin PBXSourcesBuildPhase section */
		28740F831CAB7F420008BB51 /* Sources */ = {
			isa = PBXSourcesBuildPhase;
			buildActionMask = 2147483647;
			files = (
				28740FFA1CAB7F570008BB51 /* UIImageView+WebCache.m in Sources */,
				28740FF61CAB7F570008BB51 /* UIImage+GIF.m in Sources */,
				28740FEF1CAB7F570008BB51 /* SDWebImageCompat.m in Sources */,
				28740FF51CAB7F570008BB51 /* UIButton+WebCache.m in Sources */,
				28740FF71CAB7F570008BB51 /* UIImage+MultiFormat.m in Sources */,
				28740FF41CAB7F570008BB51 /* SDWebImagePrefetcher.m in Sources */,
				28740FE91CAB7F570008BB51 /* GYPhotoCell.m in Sources */,
				28740FFB1CAB7F570008BB51 /* UIView+WebCacheOperation.m in Sources */,
				28740FEC1CAB7F570008BB51 /* MKAnnotationView+WebCache.m in Sources */,
				28740FF81CAB7F570008BB51 /* UIImage+WebP.m in Sources */,
				28740FE81CAB7F570008BB51 /* GYPhotoBrowserView.m in Sources */,
				28740FF21CAB7F570008BB51 /* SDWebImageDownloaderOperation.m in Sources */,
				28740FF01CAB7F570008BB51 /* SDWebImageDecoder.m in Sources */,
				28740FEA1CAB7F570008BB51 /* GYPhotoModel.m in Sources */,
				28740FFF1CAB80340008BB51 /* ExampleController.m in Sources */,
				28740FF91CAB7F570008BB51 /* UIImageView+HighlightedWebCache.m in Sources */,
				28740FED1CAB7F570008BB51 /* NSData+ImageContentType.m in Sources */,
				28740FF11CAB7F570008BB51 /* SDWebImageDownloader.m in Sources */,
				28740FEB1CAB7F570008BB51 /* GYPhotoProgressView.m in Sources */,
				28740F8F1CAB7F420008BB51 /* AppDelegate.m in Sources */,
				28740FF31CAB7F570008BB51 /* SDWebImageManager.m in Sources */,
				28740F8C1CAB7F420008BB51 /* main.m in Sources */,
				28740FEE1CAB7F570008BB51 /* SDImageCache.m in Sources */,
			);
			runOnlyForDeploymentPostprocessing = 0;
		};
		28740F9C1CAB7F430008BB51 /* Sources */ = {
			isa = PBXSourcesBuildPhase;
			buildActionMask = 2147483647;
			files = (
				28740FA51CAB7F430008BB51 /* GYPhotoBrowserExampleTests.m in Sources */,
			);
			runOnlyForDeploymentPostprocessing = 0;
		};
		28740FA71CAB7F430008BB51 /* Sources */ = {
			isa = PBXSourcesBuildPhase;
			buildActionMask = 2147483647;
			files = (
				28740FB01CAB7F430008BB51 /* GYPhotoBrowserExampleUITests.m in Sources */,
			);
			runOnlyForDeploymentPostprocessing = 0;
		};
/* End PBXSourcesBuildPhase section */

/* Begin PBXTargetDependency section */
		28740FA21CAB7F430008BB51 /* PBXTargetDependency */ = {
			isa = PBXTargetDependency;
			target = 28740F861CAB7F420008BB51 /* GYPhotoBrowserExample */;
			targetProxy = 28740FA11CAB7F430008BB51 /* PBXContainerItemProxy */;
		};
		28740FAD1CAB7F430008BB51 /* PBXTargetDependency */ = {
			isa = PBXTargetDependency;
			target = 28740F861CAB7F420008BB51 /* GYPhotoBrowserExample */;
			targetProxy = 28740FAC1CAB7F430008BB51 /* PBXContainerItemProxy */;
		};
/* End PBXTargetDependency section */

/* Begin PBXVariantGroup section */
		28740F931CAB7F420008BB51 /* Main.storyboard */ = {
			isa = PBXVariantGroup;
			children = (
				28740F941CAB7F420008BB51 /* Base */,
			);
			name = Main.storyboard;
			sourceTree = "<group>";
		};
		28740F981CAB7F420008BB51 /* LaunchScreen.storyboard */ = {
			isa = PBXVariantGroup;
			children = (
				28740F991CAB7F420008BB51 /* Base */,
			);
			name = LaunchScreen.storyboard;
			sourceTree = "<group>";
		};
/* End PBXVariantGroup section */

/* Begin XCBuildConfiguration section */
		28740FB21CAB7F430008BB51 /* Debug */ = {
			isa = XCBuildConfiguration;
			buildSettings = {
				ALWAYS_SEARCH_USER_PATHS = NO;
				CLANG_CXX_LANGUAGE_STANDARD = "gnu++0x";
				CLANG_CXX_LIBRARY = "libc++";
				CLANG_ENABLE_MODULES = YES;
				CLANG_ENABLE_OBJC_ARC = YES;
				CLANG_WARN_BOOL_CONVERSION = YES;
				CLANG_WARN_CONSTANT_CONVERSION = YES;
				CLANG_WARN_DIRECT_OBJC_ISA_USAGE = YES_ERROR;
				CLANG_WARN_EMPTY_BODY = YES;
				CLANG_WARN_ENUM_CONVERSION = YES;
				CLANG_WARN_INT_CONVERSION = YES;
				CLANG_WARN_OBJC_ROOT_CLASS = YES_ERROR;
				CLANG_WARN_UNREACHABLE_CODE = YES;
				CLANG_WARN__DUPLICATE_METHOD_MATCH = YES;
				"CODE_SIGN_IDENTITY[sdk=iphoneos*]" = "iPhone Developer";
				COPY_PHASE_STRIP = NO;
				DEBUG_INFORMATION_FORMAT = dwarf;
				ENABLE_STRICT_OBJC_MSGSEND = YES;
				ENABLE_TESTABILITY = YES;
				GCC_C_LANGUAGE_STANDARD = gnu99;
				GCC_DYNAMIC_NO_PIC = NO;
				GCC_NO_COMMON_BLOCKS = YES;
				GCC_OPTIMIZATION_LEVEL = 0;
				GCC_PREPROCESSOR_DEFINITIONS = (
					"DEBUG=1",
					"$(inherited)",
				);
				GCC_WARN_64_TO_32_BIT_CONVERSION = YES;
				GCC_WARN_ABOUT_RETURN_TYPE = YES_ERROR;
				GCC_WARN_UNDECLARED_SELECTOR = YES;
				GCC_WARN_UNINITIALIZED_AUTOS = YES_AGGRESSIVE;
				GCC_WARN_UNUSED_FUNCTION = YES;
				GCC_WARN_UNUSED_VARIABLE = YES;
				IPHONEOS_DEPLOYMENT_TARGET = 9.1;
				MTL_ENABLE_DEBUG_INFO = YES;
				ONLY_ACTIVE_ARCH = YES;
				SDKROOT = iphoneos;
			};
			name = Debug;
		};
		28740FB31CAB7F430008BB51 /* Release */ = {
			isa = XCBuildConfiguration;
			buildSettings = {
				ALWAYS_SEARCH_USER_PATHS = NO;
				CLANG_CXX_LANGUAGE_STANDARD = "gnu++0x";
				CLANG_CXX_LIBRARY = "libc++";
				CLANG_ENABLE_MODULES = YES;
				CLANG_ENABLE_OBJC_ARC = YES;
				CLANG_WARN_BOOL_CONVERSION = YES;
				CLANG_WARN_CONSTANT_CONVERSION = YES;
				CLANG_WARN_DIRECT_OBJC_ISA_USAGE = YES_ERROR;
				CLANG_WARN_EMPTY_BODY = YES;
				CLANG_WARN_ENUM_CONVERSION = YES;
				CLANG_WARN_INT_CONVERSION = YES;
				CLANG_WARN_OBJC_ROOT_CLASS = YES_ERROR;
				CLANG_WARN_UNREACHABLE_CODE = YES;
				CLANG_WARN__DUPLICATE_METHOD_MATCH = YES;
				"CODE_SIGN_IDENTITY[sdk=iphoneos*]" = "iPhone Developer";
				COPY_PHASE_STRIP = NO;
				DEBUG_INFORMATION_FORMAT = "dwarf-with-dsym";
				ENABLE_NS_ASSERTIONS = NO;
				ENABLE_STRICT_OBJC_MSGSEND = YES;
				GCC_C_LANGUAGE_STANDARD = gnu99;
				GCC_NO_COMMON_BLOCKS = YES;
				GCC_WARN_64_TO_32_BIT_CONVERSION = YES;
				GCC_WARN_ABOUT_RETURN_TYPE = YES_ERROR;
				GCC_WARN_UNDECLARED_SELECTOR = YES;
				GCC_WARN_UNINITIALIZED_AUTOS = YES_AGGRESSIVE;
				GCC_WARN_UNUSED_FUNCTION = YES;
				GCC_WARN_UNUSED_VARIABLE = YES;
				IPHONEOS_DEPLOYMENT_TARGET = 9.1;
				MTL_ENABLE_DEBUG_INFO = NO;
				SDKROOT = iphoneos;
				VALIDATE_PRODUCT = YES;
			};
			name = Release;
		};
		28740FB51CAB7F430008BB51 /* Debug */ = {
			isa = XCBuildConfiguration;
			buildSettings = {
				ASSETCATALOG_COMPILER_APPICON_NAME = AppIcon;
				INFOPLIST_FILE = GYPhotoBrowserExample/Info.plist;
				LD_RUNPATH_SEARCH_PATHS = "$(inherited) @executable_path/Frameworks";
				PRODUCT_BUNDLE_IDENTIFIER = GY.GYPhotoBrowserExample;
				PRODUCT_NAME = "$(TARGET_NAME)";
			};
			name = Debug;
		};
		28740FB61CAB7F430008BB51 /* Release */ = {
			isa = XCBuildConfiguration;
			buildSettings = {
				ASSETCATALOG_COMPILER_APPICON_NAME = AppIcon;
				INFOPLIST_FILE = GYPhotoBrowserExample/Info.plist;
				LD_RUNPATH_SEARCH_PATHS = "$(inherited) @executable_path/Frameworks";
				PRODUCT_BUNDLE_IDENTIFIER = GY.GYPhotoBrowserExample;
				PRODUCT_NAME = "$(TARGET_NAME)";
			};
			name = Release;
		};
		28740FB81CAB7F430008BB51 /* Debug */ = {
			isa = XCBuildConfiguration;
			buildSettings = {
				BUNDLE_LOADER = "$(TEST_HOST)";
				INFOPLIST_FILE = GYPhotoBrowserExampleTests/Info.plist;
				LD_RUNPATH_SEARCH_PATHS = "$(inherited) @executable_path/Frameworks @loader_path/Frameworks";
				PRODUCT_BUNDLE_IDENTIFIER = GY.GYPhotoBrowserExampleTests;
				PRODUCT_NAME = "$(TARGET_NAME)";
				TEST_HOST = "$(BUILT_PRODUCTS_DIR)/GYPhotoBrowserExample.app/GYPhotoBrowserExample";
			};
			name = Debug;
		};
		28740FB91CAB7F430008BB51 /* Release */ = {
			isa = XCBuildConfiguration;
			buildSettings = {
				BUNDLE_LOADER = "$(TEST_HOST)";
				INFOPLIST_FILE = GYPhotoBrowserExampleTests/Info.plist;
				LD_RUNPATH_SEARCH_PATHS = "$(inherited) @executable_path/Frameworks @loader_path/Frameworks";
				PRODUCT_BUNDLE_IDENTIFIER = GY.GYPhotoBrowserExampleTests;
				PRODUCT_NAME = "$(TARGET_NAME)";
				TEST_HOST = "$(BUILT_PRODUCTS_DIR)/GYPhotoBrowserExample.app/GYPhotoBrowserExample";
			};
			name = Release;
		};
		28740FBB1CAB7F430008BB51 /* Debug */ = {
			isa = XCBuildConfiguration;
			buildSettings = {
				INFOPLIST_FILE = GYPhotoBrowserExampleUITests/Info.plist;
				LD_RUNPATH_SEARCH_PATHS = "$(inherited) @executable_path/Frameworks @loader_path/Frameworks";
				PRODUCT_BUNDLE_IDENTIFIER = GY.GYPhotoBrowserExampleUITests;
				PRODUCT_NAME = "$(TARGET_NAME)";
				TEST_TARGET_NAME = GYPhotoBrowserExample;
				USES_XCTRUNNER = YES;
			};
			name = Debug;
		};
		28740FBC1CAB7F430008BB51 /* Release */ = {
			isa = XCBuildConfiguration;
			buildSettings = {
				INFOPLIST_FILE = GYPhotoBrowserExampleUITests/Info.plist;
				LD_RUNPATH_SEARCH_PATHS = "$(inherited) @executable_path/Frameworks @loader_path/Frameworks";
				PRODUCT_BUNDLE_IDENTIFIER = GY.GYPhotoBrowserExampleUITests;
				PRODUCT_NAME = "$(TARGET_NAME)";
				TEST_TARGET_NAME = GYPhotoBrowserExample;
				USES_XCTRUNNER = YES;
			};
			name = Release;
		};
/* End XCBuildConfiguration section */

/* Begin XCConfigurationList section */
		28740F821CAB7F420008BB51 /* Build configuration list for PBXProject "GYPhotoBrowserExample" */ = {
			isa = XCConfigurationList;
			buildConfigurations = (
				28740FB21CAB7F430008BB51 /* Debug */,
				28740FB31CAB7F430008BB51 /* Release */,
			);
			defaultConfigurationIsVisible = 0;
			defaultConfigurationName = Release;
		};
		28740FB41CAB7F430008BB51 /* Build configuration list for PBXNativeTarget "GYPhotoBrowserExample" */ = {
			isa = XCConfigurationList;
			buildConfigurations = (
				28740FB51CAB7F430008BB51 /* Debug */,
				28740FB61CAB7F430008BB51 /* Release */,
			);
			defaultConfigurationIsVisible = 0;
		};
		28740FB71CAB7F430008BB51 /* Build configuration list for PBXNativeTarget "GYPhotoBrowserExampleTests" */ = {
			isa = XCConfigurationList;
			buildConfigurations = (
				28740FB81CAB7F430008BB51 /* Debug */,
				28740FB91CAB7F430008BB51 /* Release */,
			);
			defaultConfigurationIsVisible = 0;
		};
		28740FBA1CAB7F430008BB51 /* Build configuration list for PBXNativeTarget "GYPhotoBrowserExampleUITests" */ = {
			isa = XCConfigurationList;
			buildConfigurations = (
				28740FBB1CAB7F430008BB51 /* Debug */,
				28740FBC1CAB7F430008BB51 /* Release */,
			);
			defaultConfigurationIsVisible = 0;
		};
/* End XCConfigurationList section */
	};
	rootObject = 28740F7F1CAB7F420008BB51 /* Project object */;
}
